
Microsoft Visual Studio Solution File, Format Version 12.00
# Visual Studio Version 16
VisualStudioVersion = 16.0.31613.86
MinimumVisualStudioVersion = 10.0.40219.1
Project("{FAE04EC0-301F-11D3-BF4B-00C04F79EFBC}") = "oby4", "oby4.csproj", "{68382150-B287-4FCB-A394-FE7BF34BB357}"
EndProject
Global
	GlobalSection(SolutionConfigurationPlatforms) = preSolution
		Debug|Any CPU = Debug|Any CPU
		Release|Any CPU = Release|Any CPU
	EndGlobalSection
	GlobalSection(ProjectConfigurationPlatforms) = postSolution
		{68382150-B287-4FCB-A394-FE7BF34BB357}.Debug|Any CPU.ActiveCfg = Debug|Any CPU
		{68382150-B287-4FCB-A394-FE7BF34BB357}.Debug|Any CPU.Build.0 = Debug|Any CPU
		{68382150-B287-4FCB-A394-FE7BF34BB357}.Release|Any CPU.ActiveCfg = Release|Any CPU
		{68382150-B287-4FCB-A394-FE7BF34BB357}.Release|Any CPU.Build.0 = Release|Any CPU
	EndGlobalSection
	GlobalSection(SolutionProperties) = preSolution
		HideSolutionNode = FALSE
	EndGlobalSection
	GlobalSection(ExtensibilityGlobals) = postSolution
		SolutionGuid = {9CCCDBAA-0B97-4091-900F-A5E676C8F612}
	EndGlobalSection
EndGlobal
